# THIS IS AN AUTOGENERATED FILE. DO NOT EDIT THIS FILE DIRECTLY.
# yarn lockfile v1


acorn@^5.1.1:
  version "5.7.3"
  resolved "https://registry.yarnpkg.com/acorn/-/acorn-5.7.3.tgz#67aa231bf8812974b85235a96771eb6bd07ea279"

ascii-table@^0.0.9:
  version "0.0.9"
  resolved "https://registry.yarnpkg.com/ascii-table/-/ascii-table-0.0.9.tgz#06a6604d6a55d4bf41a9a47d9872d7a78da31e73"

async-limiter@~1.0.0:
  version "1.0.0"
  resolved "https://registry.yarnpkg.com/async-limiter/-/async-limiter-1.0.0.tgz#78faed8c3d074ab81f22b4e985d79e8738f720f8"

asynckit@^0.4.0:
  version "0.4.0"
  resolved "https://registry.yarnpkg.com/asynckit/-/asynckit-0.4.0.tgz#c79ed97f7f34cb8f2ba1bc9790bcc366474b4b79"

brain.js@bdistin/brain.js#trainAsync-on-rnn:
  version "1.6.1"
  resolved "https://codeload.github.com/bdistin/brain.js/tar.gz/db1e88b87e7b1d0387ae47302dd3e0acd7d2e22d"
  dependencies:
    gpu.js "^1.10.4"
    thaw.js "^2.0.0"

combined-stream@^1.0.6:
  version "1.0.7"
  resolved "https://registry.yarnpkg.com/combined-stream/-/combined-stream-1.0.7.tgz#2d1d24317afb8abe95d6d2c0b07b57813539d828"
  dependencies:
    delayed-stream "~1.0.0"

delayed-stream@~1.0.0:
  version "1.0.0"
  resolved "https://registry.yarnpkg.com/delayed-stream/-/delayed-stream-1.0.0.tgz#df3ae199acadfb7d440aaae0b29e2272b24ec619"

discord.js@discordjs/discord.js:
  version "12.0.0-dev"
  resolved "https://codeload.github.com/discordjs/discord.js/tar.gz/8da141637cc43fdfa592225c121063159b716bac"
  dependencies:
    form-data "^2.3.2"
    node-fetch "^2.1.2"
    pako "^1.0.0"
    prism-media amishshah/prism-media
    setimmediate "^1.0.5"
    tweetnacl "^1.0.0"
    ws "^6.0.0"

eslint-config-klasa@dirigeants/klasa-lint:
  version "0.0.1"
  resolved "https://codeload.github.com/dirigeants/klasa-lint/tar.gz/2a808ddc9e94c9dff58e90372d9cedd02cb0ff84"

form-data@^2.3.2:
  version "2.3.3"
  resolved "https://registry.yarnpkg.com/form-data/-/form-data-2.3.3.tgz#dcce52c05f644f298c6a7ab936bd724ceffbf3a6"
  integrity sha512-1lLKB2Mu3aGP1Q/2eCOx0fNbRMe7XdwktwOruhfqqd0rIJWwN4Dh+E3hrPSlDCXnSR7UtZ1N38rVXm+6+MEhJQ==
  dependencies:
    asynckit "^0.4.0"
    combined-stream "^1.0.6"
    mime-types "^2.1.12"

fs-nextra@^0.3.2:
  version "0.3.8"
  resolved "https://registry.yarnpkg.com/fs-nextra/-/fs-nextra-0.3.8.tgz#2a0c860a7a3c5d4b398548059d481d6155aac3c8"
  integrity sha512-zHTMl89RbxuUUoGhG+Jx1Y2UkuOGnK4Q0Ibq6o/QHexhA91e0rtZf1Vo7G4iP2xdnUAnsDXvnfIa+r2Ffr29Lg==

gpu.js@^1.10.4:
  version "1.10.4"
  resolved "https://registry.yarnpkg.com/gpu.js/-/gpu.js-1.10.4.tgz#f0290dc08d40a9de7329b91f1523703cdd0a64c7"
  dependencies:
    acorn "^5.1.1"

klasa@dirigeants/klasa:
  version "0.5.0-dev"
  resolved "https://codeload.github.com/dirigeants/klasa/tar.gz/4114309bb521b15e4656f8904c59331e457b809e"
  dependencies:
    fs-nextra "^0.3.2"

mime-db@~1.38.0:
  version "1.38.0"
  resolved "https://registry.yarnpkg.com/mime-db/-/mime-db-1.38.0.tgz#1a2aab16da9eb167b49c6e4df2d9c68d63d8e2ad"

mime-types@^2.1.12:
  version "2.1.22"
  resolved "https://registry.yarnpkg.com/mime-types/-/mime-types-2.1.22.tgz#fe6b355a190926ab7698c9a0556a11199b2199bd"
  dependencies:
    mime-db "~1.38.0"

node-fetch@^2.1.2:
  version "2.3.0"
  resolved "https://registry.yarnpkg.com/node-fetch/-/node-fetch-2.3.0.tgz#1a1d940bbfb916a1d3e0219f037e89e71f8c5fa5"
  integrity sha512-MOd8pV3fxENbryESLgVIeaGKrdl+uaYhCSSVkjeOb/31/njTpcis5aWfdqgNlHIrKOLRbMnfPINPOML2CIFeXA==

pako@^1.0.0:
  version "1.0.10"
  resolved "https://registry.yarnpkg.com/pako/-/pako-1.0.10.tgz#4328badb5086a426aa90f541977d4955da5c9732"
  integrity sha512-0DTvPVU3ed8+HNXOu5Bs+o//Mbdj9VNQMUOe9oKCwh8l0GNwpTDMKCWbRjgtD291AWnkAgkqA/LOnQS8AmS1tw==

prism-media@amishshah/prism-media:
  version "1.0.1"
  resolved "https://codeload.github.com/amishshah/prism-media/tar.gz/9f7970f3497b12a26fb00a9d98fb3fc0a412a9ee"

setimmediate@^1.0.5:
  version "1.0.5"
  resolved "https://registry.yarnpkg.com/setimmediate/-/setimmediate-1.0.5.tgz#290cbb232e306942d7d7ea9b83732ab7856f8285"

thaw.js@^2.0.0:
  version "2.0.0"
  resolved "https://registry.yarnpkg.com/thaw.js/-/thaw.js-2.0.0.tgz#452bc5d7ee2ce1b6f92037b05b506cbd656291d0"

tweetnacl@^1.0.0:
  version "1.0.1"
  resolved "https://registry.yarnpkg.com/tweetnacl/-/tweetnacl-1.0.1.tgz#2594d42da73cd036bd0d2a54683dd35a6b55ca17"
  integrity sha512-kcoMoKTPYnoeS50tzoqjPY3Uv9axeuuFAZY9M/9zFnhoVvRfxz9K29IMPD7jGmt2c8SW7i3gT9WqDl2+nV7p4A==

ws@^6.0.0:
  version "6.2.1"
  resolved "https://registry.yarnpkg.com/ws/-/ws-6.2.1.tgz#442fdf0a47ed64f59b6a5d8ff130f4748ed524fb"
  integrity sha512-GIyAXC2cB7LjvpgMt9EKS2ldqr0MTrORaleiOno6TweZ6r3TKtoFQWay/2PceJ3RuBasOHzXNn5Lrw1X0bEjqA==
  dependencies:
    async-limiter "~1.0.0"
